// !$*UTF8*$!
{
	archiveVersion = 1;
	classes = {
	};
	objectVersion = 48;
	objects = {

/* Begin PBXBuildFile section */
		4994827C1FA533690090E302 /* AppDelegate.swift in Sources */ = {isa = PBXBuildFile; fileRef = 4994827B1FA533690090E302 /* AppDelegate.swift */; };
		499482811FA533690090E302 /* Main.storyboard in Resources */ = {isa = PBXBuildFile; fileRef = 4994827F1FA533690090E302 /* Main.storyboard */; };
		499482831FA533690090E302 /* Assets.xcassets in Resources */ = {isa = PBXBuildFile; fileRef = 499482821FA533690090E302 /* Assets.xcassets */; };
		499482861FA533690090E302 /* LaunchScreen.storyboard in Resources */ = {isa = PBXBuildFile; fileRef = 499482841FA533690090E302 /* LaunchScreen.storyboard */; };
		4994828E1FA537B90090E302 /* StartVC.swift in Sources */ = {isa = PBXBuildFile; fileRef = 4994828D1FA537B90090E302 /* StartVC.swift */; };
		499482901FA537CB0090E302 /* PlayVC.swift in Sources */ = {isa = PBXBuildFile; fileRef = 4994828F1FA537CB0090E302 /* PlayVC.swift */; };
		499482921FA538080090E302 /* ResultVC.swift in Sources */ = {isa = PBXBuildFile; fileRef = 499482911FA538080090E302 /* ResultVC.swift */; };
/* End PBXBuildFile section */

/* Begin PBXFileReference section */
		499482781FA533690090E302 /* Spalah_hw8.2_Advanced.app */ = {isa = PBXFileReference; explicitFileType = wrapper.application; includeInIndex = 0; path = Spalah_hw8.2_Advanced.app; sourceTree = BUILT_PRODUCTS_DIR; };
		4994827B1FA533690090E302 /* AppDelegate.swift */ = {isa = PBXFileReference; lastKnownFileType = sourcecode.swift; path = AppDelegate.swift; sourceTree = "<group>"; };
		499482801FA533690090E302 /* Base */ = {isa = PBXFileReference; lastKnownFileType = file.storyboard; name = Base; path = Base.lproj/Main.storyboard; sourceTree = "<group>"; };
		499482821FA533690090E302 /* Assets.xcassets */ = {isa = PBXFileReference; lastKnownFileType = folder.assetcatalog; path = Assets.xcassets; sourceTree = "<group>"; };
		499482851FA533690090E302 /* Base */ = {isa = PBXFileReference; lastKnownFileType = file.storyboard; name = Base; path = Base.lproj/LaunchScreen.storyboard; sourceTree = "<group>"; };
		499482871FA533690090E302 /* Info.plist */ = {isa = PBXFileReference; lastKnownFileType = text.plist.xml; path = Info.plist; sourceTree = "<group>"; };
		4994828D1FA537B90090E302 /* StartVC.swift */ = {isa = PBXFileReference; lastKnownFileType = sourcecode.swift; path = StartVC.swift; sourceTree = "<group>"; };
		4994828F1FA537CB0090E302 /* PlayVC.swift */ = {isa = PBXFileReference; lastKnownFileType = sourcecode.swift; path = PlayVC.swift; sourceTree = "<group>"; };
		499482911FA538080090E302 /* ResultVC.swift */ = {isa = PBXFileReference; lastKnownFileType = sourcecode.swift; path = ResultVC.swift; sourceTree = "<group>"; };
/* End PBXFileReference section */

/* Begin PBXFrameworksBuildPhase section */
		499482751FA533690090E302 /* Frameworks */ = {
			isa = PBXFrameworksBuildPhase;
			buildActionMask = 2147483647;
			files = (
			);
			runOnlyForDeploymentPostprocessing = 0;
		};
/* End PBXFrameworksBuildPhase section */

/* Begin PBXGroup section */
		4994826F1FA533690090E302 = {
			isa = PBXGroup;
			children = (
				4994827A1FA533690090E302 /* Spalah_hw8.2_Advanced */,
				499482791FA533690090E302 /* Products */,
			);
			sourceTree = "<group>";
		};
		499482791FA533690090E302 /* Products */ = {
			isa = PBXGroup;
			children = (
				499482781FA533690090E302 /* Spalah_hw8.2_Advanced.app */,
			);
			name = Products;
			sourceTree = "<group>";
		};
		4994827A1FA533690090E302 /* Spalah_hw8.2_Advanced */ = {
			isa = PBXGroup;
			children = (
				4994827B1FA533690090E302 /* AppDelegate.swift */,
				4994828D1FA537B90090E302 /* StartVC.swift */,
				4994828F1FA537CB0090E302 /* PlayVC.swift */,
				499482911FA538080090E302 /* ResultVC.swift */,
				4994827F1FA533690090E302 /* Main.storyboard */,
				499482821FA533690090E302 /* Assets.xcassets */,
				499482841FA533690090E302 /* LaunchScreen.storyboard */,
				499482871FA533690090E302 /* Info.plist */,
			);
			path = Spalah_hw8.2_Advanced;
			sourceTree = "<group>";
		};
/* End PBXGroup section */

/* Begin PBXNativeTarget section */
		499482771FA533690090E302 /* Spalah_hw8.2_Advanced */ = {
			isa = PBXNativeTarget;
			buildConfigurationList = 4994828A1FA533690090E302 /* Build configuration list for PBXNativeTarget "Spalah_hw8.2_Advanced" */;
			buildPhases = (
				499482741FA533690090E302 /* Sources */,
				499482751FA533690090E302 /* Frameworks */,
				499482761FA533690090E302 /* Resources */,
			);
			buildRules = (
			);
			dependencies = (
			);
			name = Spalah_hw8.2_Advanced;
			productName = Spalah_hw8.2_Advanced;
			productReference = 499482781FA533690090E302 /* Spalah_hw8.2_Advanced.app */;
			productType = "com.apple.product-type.application";
		};
/* End PBXNativeTarget section */

/* Begin PBXProject section */
		499482701FA533690090E302 /* Project object */ = {
			isa = PBXProject;
			attributes = {
				LastSwiftUpdateCheck = 0900;
				LastUpgradeCheck = 0900;
				ORGANIZATIONNAME = "Sergey Gaponov";
				TargetAttributes = {
					499482771FA533690090E302 = {
						CreatedOnToolsVersion = 9.0;
						ProvisioningStyle = Automatic;
					};
				};
			};
			buildConfigurationList = 499482731FA533690090E302 /* Build configuration list for PBXProject "Spalah_hw8.2_Advanced" */;
			compatibilityVersion = "Xcode 8.0";
			developmentRegion = en;
			hasScannedForEncodings = 0;
			knownRegions = (
				en,
				Base,
			);
			mainGroup = 4994826F1FA533690090E302;
			productRefGroup = 499482791FA533690090E302 /* Products */;
			projectDirPath = "";
			projectRoot = "";
			targets = (
				499482771FA533690090E302 /* Spalah_hw8.2_Advanced */,
			);
		};
/* End PBXProject section */

/* Begin PBXResourcesBuildPhase section */
		499482761FA533690090E302 /* Resources */ = {
			isa = PBXResourcesBuildPhase;
			buildActionMask = 2147483647;
			files = (
				499482861FA533690090E302 /* LaunchScreen.storyboard in Resources */,
				499482831FA533690090E302 /* Assets.xcassets in Resources */,
				499482811FA533690090E302 /* Main.storyboard in Resources */,
			);
			runOnlyForDeploymentPostprocessing = 0;
		};
/* End PBXResourcesBuildPhase section */

/* Begin PBXSourcesBuildPhase section */
		499482741FA533690090E302 /* Sources */ = {
			isa = PBXSourcesBuildPhase;
			buildActionMask = 2147483647;
			files = (
				4994827C1FA533690090E302 /* AppDelegate.swift in Sources */,
				499482921FA538080090E302 /* ResultVC.swift in Sources */,
				4994828E1FA537B90090E302 /* StartVC.swift in Sources */,
				499482901FA537CB0090E302 /* PlayVC.swift in Sources */,
			);
			runOnlyForDeploymentPostprocessing = 0;
		};
/* End PBXSourcesBuildPhase section */

/* Begin PBXVariantGroup section */
		4994827F1FA533690090E302 /* Main.storyboard */ = {
			isa = PBXVariantGroup;
			children = (
				499482801FA533690090E302 /* Base */,
			);
			name = Main.storyboard;
			sourceTree = "<group>";
		};
		499482841FA533690090E302 /* LaunchScreen.storyboard */ = {
			isa = PBXVariantGroup;
			children = (
				499482851FA533690090E302 /* Base */,
			);
			name = LaunchScreen.storyboard;
			sourceTree = "<group>";
		};
/* End PBXVariantGroup section */

/* Begin XCBuildConfiguration section */
		499482881FA533690090E302 /* Debug */ = {
			isa = XCBuildConfiguration;
			buildSettings = {
				ALWAYS_SEARCH_USER_PATHS = NO;
				CLANG_ANALYZER_NONNULL = YES;
				CLANG_ANALYZER_NUMBER_OBJECT_CONVERSION = YES_AGGRESSIVE;
				CLANG_CXX_LANGUAGE_STANDARD = "gnu++14";
				CLANG_CXX_LIBRARY = "libc++";
				CLANG_ENABLE_MODULES = YES;
				CLANG_ENABLE_OBJC_ARC = YES;
				CLANG_WARN_BLOCK_CAPTURE_AUTORELEASING = YES;
				CLANG_WARN_BOOL_CONVERSION = YES;
				CLANG_WARN_COMMA = YES;
				CLANG_WARN_CONSTANT_CONVERSION = YES;
				CLANG_WARN_DIRECT_OBJC_ISA_USAGE = YES_ERROR;
				CLANG_WARN_DOCUMENTATION_COMMENTS = YES;
				CLANG_WARN_EMPTY_BODY = YES;
				CLANG_WARN_ENUM_CONVERSION = YES;
				CLANG_WARN_INFINITE_RECURSION = YES;
				CLANG_WARN_INT_CONVERSION = YES;
				CLANG_WARN_NON_LITERAL_NULL_CONVERSION = YES;
				CLANG_WARN_OBJC_LITERAL_CONVERSION = YES;
				CLANG_WARN_OBJC_ROOT_CLASS = YES_ERROR;
				CLANG_WARN_RANGE_LOOP_ANALYSIS = YES;
				CLANG_WARN_STRICT_PROTOTYPES = YES;
				CLANG_WARN_SUSPICIOUS_MOVE = YES;
				CLANG_WARN_UNGUARDED_AVAILABILITY = YES_AGGRESSIVE;
				CLANG_WARN_UNREACHABLE_CODE = YES;
				CLANG_WARN__DUPLICATE_METHOD_MATCH = YES;
				CODE_SIGN_IDENTITY = "iPhone Developer";
				COPY_PHASE_STRIP = NO;
				DEBUG_INFORMATION_FORMAT = dwarf;
				ENABLE_STRICT_OBJC_MSGSEND = YES;
				ENABLE_TESTABILITY = YES;
				GCC_C_LANGUAGE_STANDARD = gnu11;
				GCC_DYNAMIC_NO_PIC = NO;
				GCC_NO_COMMON_BLOCKS = YES;
				GCC_OPTIMIZATION_LEVEL = 0;
				GCC_PREPROCESSOR_DEFINITIONS = (
					"DEBUG=1",
					"$(inherited)",
				);
				GCC_WARN_64_TO_32_BIT_CONVERSION = YES;
				GCC_WARN_ABOUT_RETURN_TYPE = YES_ERROR;
				GCC_WARN_UNDECLARED_SELECTOR = YES;
				GCC_WARN_UNINITIALIZED_AUTOS = YES_AGGRESSIVE;
				GCC_WARN_UNUSED_FUNCTION = YES;
				GCC_WARN_UNUSED_VARIABLE = YES;
				IPHONEOS_DEPLOYMENT_TARGET = 11.0;
				MTL_ENABLE_DEBUG_INFO = YES;
				ONLY_ACTIVE_ARCH = YES;
				SDKROOT = iphoneos;
				SWIFT_ACTIVE_COMPILATION_CONDITIONS = DEBUG;
				SWIFT_OPTIMIZATION_LEVEL = "-Onone";
			};
			name = Debug;
		};
		499482891FA533690090E302 /* Release */ = {
			isa = XCBuildConfiguration;
			buildSettings = {
				ALWAYS_SEARCH_USER_PATHS = NO;
				CLANG_ANALYZER_NONNULL = YES;
				CLANG_ANALYZER_NUMBER_OBJECT_CONVERSION = YES_AGGRESSIVE;
				CLANG_CXX_LANGUAGE_STANDARD = "gnu++14";
				CLANG_CXX_LIBRARY = "libc++";
				CLANG_ENABLE_MODULES = YES;
				CLANG_ENABLE_OBJC_ARC = YES;
				CLANG_WARN_BLOCK_CAPTURE_AUTORELEASING = YES;
				CLANG_WARN_BOOL_CONVERSION = YES;
				CLANG_WARN_COMMA = YES;
				CLANG_WARN_CONSTANT_CONVERSION = YES;
				CLANG_WARN_DIRECT_OBJC_ISA_USAGE = YES_ERROR;
				CLANG_WARN_DOCUMENTATION_COMMENTS = YES;
				CLANG_WARN_EMPTY_BODY = YES;
				CLANG_WARN_ENUM_CONVERSION = YES;
				CLANG_WARN_INFINITE_RECURSION = YES;
				CLANG_WARN_INT_CONVERSION = YES;
				CLANG_WARN_NON_LITERAL_NULL_CONVERSION = YES;
				CLANG_WARN_OBJC_LITERAL_CONVERSION = YES;
				CLANG_WARN_OBJC_ROOT_CLASS = YES_ERROR;
				CLANG_WARN_RANGE_LOOP_ANALYSIS = YES;
				CLANG_WARN_STRICT_PROTOTYPES = YES;
				CLANG_WARN_SUSPICIOUS_MOVE = YES;
				CLANG_WARN_UNGUARDED_AVAILABILITY = YES_AGGRESSIVE;
				CLANG_WARN_UNREACHABLE_CODE = YES;
				CLANG_WARN__DUPLICATE_METHOD_MATCH = YES;
				CODE_SIGN_IDENTITY = "iPhone Developer";
				COPY_PHASE_STRIP = NO;
				DEBUG_INFORMATION_FORMAT = "dwarf-with-dsym";
				ENABLE_NS_ASSERTIONS = NO;
				ENABLE_STRICT_OBJC_MSGSEND = YES;
				GCC_C_LANGUAGE_STANDARD = gnu11;
				GCC_NO_COMMON_BLOCKS = YES;
				GCC_WARN_64_TO_32_BIT_CONVERSION = YES;
				GCC_WARN_ABOUT_RETURN_TYPE = YES_ERROR;
				GCC_WARN_UNDECLARED_SELECTOR = YES;
				GCC_WARN_UNINITIALIZED_AUTOS = YES_AGGRESSIVE;
				GCC_WARN_UNUSED_FUNCTION = YES;
				GCC_WARN_UNUSED_VARIABLE = YES;
				IPHONEOS_DEPLOYMENT_TARGET = 11.0;
				MTL_ENABLE_DEBUG_INFO = NO;
				SDKROOT = iphoneos;
				SWIFT_OPTIMIZATION_LEVEL = "-Owholemodule";
				VALIDATE_PRODUCT = YES;
			};
			name = Release;
		};
		4994828B1FA533690090E302 /* Debug */ = {
			isa = XCBuildConfiguration;
			buildSettings = {
				ASSETCATALOG_COMPILER_APPICON_NAME = AppIcon;
				CODE_SIGN_STYLE = Automatic;
				DEVELOPMENT_TEAM = FX7KZ75KQ4;
				INFOPLIST_FILE = Spalah_hw8.2_Advanced/Info.plist;
				LD_RUNPATH_SEARCH_PATHS = "$(inherited) @executable_path/Frameworks";
				PRODUCT_BUNDLE_IDENTIFIER = "sergeygaponov.Spalah-hw8-2-Advanced";
				PRODUCT_NAME = "$(TARGET_NAME)";
				SWIFT_VERSION = 4.0;
				TARGETED_DEVICE_FAMILY = "1,2";
			};
			name = Debug;
		};
		4994828C1FA533690090E302 /* Release */ = {
			isa = XCBuildConfiguration;
			buildSettings = {
				ASSETCATALOG_COMPILER_APPICON_NAME = AppIcon;
				CODE_SIGN_STYLE = Automatic;
				DEVELOPMENT_TEAM = FX7KZ75KQ4;
				INFOPLIST_FILE = Spalah_hw8.2_Advanced/Info.plist;
				LD_RUNPATH_SEARCH_PATHS = "$(inherited) @executable_path/Frameworks";
				PRODUCT_BUNDLE_IDENTIFIER = "sergeygaponov.Spalah-hw8-2-Advanced";
				PRODUCT_NAME = "$(TARGET_NAME)";
				SWIFT_VERSION = 4.0;
				TARGETED_DEVICE_FAMILY = "1,2";
			};
			name = Release;
		};
/* End XCBuildConfiguration section */

/* Begin XCConfigurationList section */
		499482731FA533690090E302 /* Build configuration list for PBXProject "Spalah_hw8.2_Advanced" */ = {
			isa = XCConfigurationList;
			buildConfigurations = (
				499482881FA533690090E302 /* Debug */,
				499482891FA533690090E302 /* Release */,
			);
			defaultConfigurationIsVisible = 0;
			defaultConfigurationName = Release;
		};
		4994828A1FA533690090E302 /* Build configuration list for PBXNativeTarget "Spalah_hw8.2_Advanced" */ = {
			isa = XCConfigurationList;
			buildConfigurations = (
				4994828B1FA533690090E302 /* Debug */,
				4994828C1FA533690090E302 /* Release */,
			);
			defaultConfigurationIsVisible = 0;
			defaultConfigurationName = Release;
		};
/* End XCConfigurationList section */
	};
	rootObject = 499482701FA533690090E302 /* Project object */;
}
